# This file is @generated by PDM.
# It is not intended for manual editing.

[metadata]
groups = ["default", "test"]
strategy = ["inherit_metadata"]
lock_version = "4.5.0"
content_hash = "sha256:85eca4f664caa682d78d39eaa4377c7791dee8674b7a0080834cfdb1ebb29f08"

[[metadata.targets]]
requires_python = ">=3.8"

[[package]]
name = "colorama"
version = "0.4.6"
requires_python = "!=3.0.*,!=3.1.*,!=3.2.*,!=3.3.*,!=3.4.*,!=3.5.*,!=3.6.*,>=2.7"
summary = "Cross-platform colored terminal text."
groups = ["test"]
marker = "sys_platform == \"win32\""
files = [
    {file = "colorama-0.4.6-py2.py3-none-any.whl", hash = "sha256:4f1d9991f5acc0ca119f9d443620b77f9d6b33703e51011c16baf57afb285fc6"},
    {file = "colorama-0.4.6.tar.gz", hash = "sha256:08695f5cb7ed6e0531a20572697297273c47b8cae5a63ffc6d6ed5c201be6e44"},
]

[[package]]
name = "confluent-kafka"
version = "2.5.0"
summary = "Confluent's Python client for Apache Kafka"
groups = ["default"]
dependencies = [
    "enum34; python_version < \"3.4\"",
    "futures; python_version < \"3.2\"",
]
files = [
    {file = "confluent-kafka-2.5.0.tar.gz", hash = "sha256:551cabaade717bb56ec13eb860ce439bedbcf1c97f4a4aa26957572ed1bfa74f"},
    {file = "confluent_kafka-2.5.0-cp310-cp310-macosx_10_9_x86_64.whl", hash = "sha256:5509a219128fb177fa4186a8669071cc52acd52eba436f339edb9063aabb486d"},
    {file = "confluent_kafka-2.5.0-cp310-cp310-macosx_11_0_arm64.whl", hash = "sha256:ff98d8fbe7d3671cac3e1b692c13f160cf508b525c110a89906ffabd1cc140fe"},
    {file = "confluent_kafka-2.5.0-cp310-cp310-manylinux_2_28_aarch64.whl", hash = "sha256:72ffae4387d283cb5657b6381a893c7231c26a9b4248557e7f030de76156290a"},
    {file = "confluent_kafka-2.5.0-cp310-cp310-manylinux_2_28_x86_64.whl", hash = "sha256:75873087fd1bd753e082f74ab97f68cc3a0765d6b600c2ac3d3a0beffbdc569d"},
    {file = "confluent_kafka-2.5.0-cp310-cp310-win_amd64.whl", hash = "sha256:2af917f93ac3a0aa88e6bee9b2056c1c176621e4a9c8f7051cc8646b81f91327"},
    {file = "confluent_kafka-2.5.0-cp311-cp311-macosx_10_9_x86_64.whl", hash = "sha256:efc8c48d5dbbcd1b56afe737df8156a74e62b50481ccffe581b9926eaa16c014"},
    {file = "confluent_kafka-2.5.0-cp311-cp311-macosx_11_0_arm64.whl", hash = "sha256:7b9f867c7e955a48ed60dee0da9c157b0f84e67724f7e42591bbcf6867e3865f"},
    {file = "confluent_kafka-2.5.0-cp311-cp311-manylinux_2_28_aarch64.whl", hash = "sha256:b064baf6a93ab58199e63bddf73d9f2c855b89cc376d5313c2f89c633aa3254a"},
    {file = "confluent_kafka-2.5.0-cp311-cp311-manylinux_2_28_x86_64.whl", hash = "sha256:a55f3d761c8463c504012ad9b06be33ef07f301f246e61d656cc927d35763f82"},
    {file = "confluent_kafka-2.5.0-cp311-cp311-win_amd64.whl", hash = "sha256:c05a677b1dbdcf2a4532e2cf41e78d2e2ffb3a6829347caf2825f472cda59e69"},
    {file = "confluent_kafka-2.5.0-cp312-cp312-macosx_10_9_x86_64.whl", hash = "sha256:db987d8953d0d58a28a455e43a1da74a0e9dec7a12a74f5abd85a7cb308aefd4"},
    {file = "confluent_kafka-2.5.0-cp312-cp312-macosx_11_0_arm64.whl", hash = "sha256:7d828ebb45db153cd462e72c575f8683c2c56ddba62b282aa36d9c365847e212"},
    {file = "confluent_kafka-2.5.0-cp312-cp312-manylinux_2_28_aarch64.whl", hash = "sha256:fb863f76605e9bbbb1d7f02abf05899cf1435421aa721a5be212c600bd054aa3"},
    {file = "confluent_kafka-2.5.0-cp312-cp312-manylinux_2_28_x86_64.whl", hash = "sha256:92efb98908e29f597c77ab97faa064f670b681f4540c3eabc415b8a6e58df9bf"},
    {file = "confluent_kafka-2.5.0-cp312-cp312-win_amd64.whl", hash = "sha256:d668b5c426af595271bf6fce2917a6c3a15453656077a59db85f440958b5ccc2"},
    {file = "confluent_kafka-2.5.0-cp38-cp38-macosx_10_9_x86_64.whl", hash = "sha256:570fc091cdcf9d1baf90c5f4965322cea8185ba8698d0f02cd1c8bd38bf6664a"},
    {file = "confluent_kafka-2.5.0-cp38-cp38-macosx_11_0_arm64.whl", hash = "sha256:bd57edf51434d6ec289339a0c9b627ca1f1e7c1130e348c0b411407183db53c6"},
    {file = "confluent_kafka-2.5.0-cp38-cp38-manylinux_2_28_aarch64.whl", hash = "sha256:8975fea2ccd6927aad188e198e1688ef16589dc36b42f7a33ad07b1ca1341901"},
    {file = "confluent_kafka-2.5.0-cp38-cp38-manylinux_2_28_x86_64.whl", hash = "sha256:7c0b1a7774905c9e3c24d09d9b8463d771685e4105150c2503185537a6a590f9"},
    {file = "confluent_kafka-2.5.0-cp38-cp38-win_amd64.whl", hash = "sha256:eaf01cd79b4d2cdbdf1e7b6ace9c846ae9ad9f4cf573617bbb5735a5c48cbd20"},
    {file = "confluent_kafka-2.5.0-cp39-cp39-macosx_10_9_x86_64.whl", hash = "sha256:fa789332fd40a9e99b9388f87f28db8fc7dd8ca54a1d24d0bcd0ad33f50f3528"},
    {file = "confluent_kafka-2.5.0-cp39-cp39-macosx_11_0_arm64.whl", hash = "sha256:e917db155dc3a64e1496b293a3ceb0a8edf23e0bd6f93d43576c40f0c59d3067"},
    {file = "confluent_kafka-2.5.0-cp39-cp39-manylinux_2_28_aarch64.whl", hash = "sha256:a8bb3af6d1f109aaac5514c65a46cac933d78b3935f6fea52fe1f2ea6a9951bf"},
    {file = "confluent_kafka-2.5.0-cp39-cp39-manylinux_2_28_x86_64.whl", hash = "sha256:a1fb72461dcf7aa7e1834133eb733f824331aafda87ef48ec917d9b09c805a99"},
    {file = "confluent_kafka-2.5.0-cp39-cp39-win_amd64.whl", hash = "sha256:4bda1b5fa87cb993bcd964d271a76cc11cafa2455de02ab5eff6efd9e688d55e"},
]

[[package]]
name = "exceptiongroup"
version = "1.2.2"
requires_python = ">=3.7"
summary = "Backport of PEP 654 (exception groups)"
groups = ["test"]
marker = "python_version < \"3.11\""
files = [
    {file = "exceptiongroup-1.2.2-py3-none-any.whl", hash = "sha256:3111b9d131c238bec2f8f516e123e14ba243563fb135d3fe885990585aa7795b"},
    {file = "exceptiongroup-1.2.2.tar.gz", hash = "sha256:47c2edf7c6738fafb49fd34290706d1a1a2f4d1c6df275526b62cbb4aa5393cc"},
]

[[package]]
name = "iniconfig"
version = "2.0.0"
requires_python = ">=3.7"
summary = "brain-dead simple config-ini parsing"
groups = ["test"]
files = [
    {file = "iniconfig-2.0.0-py3-none-any.whl", hash = "sha256:b6a85871a79d2e3b22d2d1b94ac2824226a63c6b741c88f7ae975f18b6778374"},
    {file = "iniconfig-2.0.0.tar.gz", hash = "sha256:2d91e135bf72d31a410b17c16da610a82cb55f6b0477d1a902134b24a455b8b3"},
]

[[package]]
name = "kafka-python"
version = "2.0.2"
summary = "Pure Python client for Apache Kafka"
groups = ["default"]
files = [
    {file = "kafka-python-2.0.2.tar.gz", hash = "sha256:04dfe7fea2b63726cd6f3e79a2d86e709d608d74406638c5da33a01d45a9d7e3"},
    {file = "kafka_python-2.0.2-py2.py3-none-any.whl", hash = "sha256:2d92418c7cb1c298fa6c7f0fb3519b520d0d7526ac6cb7ae2a4fc65a51a94b6e"},
]

[[package]]
name = "linkify-it-py"
version = "2.0.3"
requires_python = ">=3.7"
summary = "Links recognition library with FULL unicode support."
groups = ["default"]
dependencies = [
    "uc-micro-py",
]
files = [
    {file = "linkify-it-py-2.0.3.tar.gz", hash = "sha256:68cda27e162e9215c17d786649d1da0021a451bdc436ef9e0fa0ba5234b9b048"},
    {file = "linkify_it_py-2.0.3-py3-none-any.whl", hash = "sha256:6bcbc417b0ac14323382aef5c5192c0075bf8a9d6b41820a2b66371eac6b6d79"},
]

[[package]]
name = "markdown-it-py"
version = "3.0.0"
requires_python = ">=3.8"
summary = "Python port of markdown-it. Markdown parsing, done right!"
groups = ["default"]
dependencies = [
    "mdurl~=0.1",
]
files = [
    {file = "markdown-it-py-3.0.0.tar.gz", hash = "sha256:e3f60a94fa066dc52ec76661e37c851cb232d92f9886b15cb560aaada2df8feb"},
    {file = "markdown_it_py-3.0.0-py3-none-any.whl", hash = "sha256:355216845c60bd96232cd8d8c40e8f9765cc86f46880e43a8fd22dc1a1a8cab1"},
]

[[package]]
name = "markdown-it-py"
version = "3.0.0"
extras = ["linkify", "plugins"]
requires_python = ">=3.8"
summary = "Python port of markdown-it. Markdown parsing, done right!"
groups = ["default"]
dependencies = [
    "linkify-it-py<3,>=1",
    "markdown-it-py==3.0.0",
    "mdit-py-plugins",
]
files = [
    {file = "markdown-it-py-3.0.0.tar.gz", hash = "sha256:e3f60a94fa066dc52ec76661e37c851cb232d92f9886b15cb560aaada2df8feb"},
    {file = "markdown_it_py-3.0.0-py3-none-any.whl", hash = "sha256:355216845c60bd96232cd8d8c40e8f9765cc86f46880e43a8fd22dc1a1a8cab1"},
]

[[package]]
name = "mdit-py-plugins"
version = "0.4.1"
requires_python = ">=3.8"
summary = "Collection of plugins for markdown-it-py"
groups = ["default"]
dependencies = [
    "markdown-it-py<4.0.0,>=1.0.0",
]
files = [
    {file = "mdit_py_plugins-0.4.1-py3-none-any.whl", hash = "sha256:1020dfe4e6bfc2c79fb49ae4e3f5b297f5ccd20f010187acc52af2921e27dc6a"},
    {file = "mdit_py_plugins-0.4.1.tar.gz", hash = "sha256:834b8ac23d1cd60cec703646ffd22ae97b7955a6d596eb1d304be1e251ae499c"},
]

[[package]]
name = "mdurl"
version = "0.1.2"
requires_python = ">=3.7"
summary = "Markdown URL utilities"
groups = ["default"]
files = [
    {file = "mdurl-0.1.2-py3-none-any.whl", hash = "sha256:84008a41e51615a49fc9966191ff91509e3c40b939176e643fd50a5c2196b8f8"},
    {file = "mdurl-0.1.2.tar.gz", hash = "sha256:bb413d29f5eea38f31dd4754dd7377d4465116fb207585f97bf925588687c1ba"},
]

[[package]]
name = "packaging"
version = "24.1"
requires_python = ">=3.8"
summary = "Core utilities for Python packages"
groups = ["test"]
files = [
    {file = "packaging-24.1-py3-none-any.whl", hash = "sha256:5b8f2217dbdbd2f7f384c41c628544e6d52f2d0f53c6d0c3ea61aa5d1d7ff124"},
    {file = "packaging-24.1.tar.gz", hash = "sha256:026ed72c8ed3fcce5bf8950572258698927fd1dbda10a5e981cdf0ac37f4f002"},
]

[[package]]
name = "pluggy"
version = "1.5.0"
requires_python = ">=3.8"
summary = "plugin and hook calling mechanisms for python"
groups = ["test"]
files = [
    {file = "pluggy-1.5.0-py3-none-any.whl", hash = "sha256:44e1ad92c8ca002de6377e165f3e0f1be63266ab4d554740532335b9d75ea669"},
    {file = "pluggy-1.5.0.tar.gz", hash = "sha256:2cffa88e94fdc978c4c574f15f9e59b7f4201d439195c3715ca9e2486f1d0cf1"},
]

[[package]]
name = "pygments"
version = "2.18.0"
requires_python = ">=3.8"
summary = "Pygments is a syntax highlighting package written in Python."
groups = ["default"]
files = [
    {file = "pygments-2.18.0-py3-none-any.whl", hash = "sha256:b8e6aca0523f3ab76fee51799c488e38782ac06eafcf95e7ba832985c8e7b13a"},
    {file = "pygments-2.18.0.tar.gz", hash = "sha256:786ff802f32e91311bff3889f6e9a86e81505fe99f2735bb6d60ae0c5004f199"},
]

[[package]]
name = "pytest"
version = "8.3.2"
requires_python = ">=3.8"
summary = "pytest: simple powerful testing with Python"
groups = ["test"]
dependencies = [
    "colorama; sys_platform == \"win32\"",
    "exceptiongroup>=1.0.0rc8; python_version < \"3.11\"",
    "iniconfig",
    "packaging",
    "pluggy<2,>=1.5",
    "tomli>=1; python_version < \"3.11\"",
]
files = [
    {file = "pytest-8.3.2-py3-none-any.whl", hash = "sha256:4ba08f9ae7dcf84ded419494d229b48d0903ea6407b030eaec46df5e6a73bba5"},
    {file = "pytest-8.3.2.tar.gz", hash = "sha256:c132345d12ce551242c87269de812483f5bcc87cdbb4722e48487ba194f9fdce"},
]

[[package]]
name = "rich"
version = "13.8.0"
requires_python = ">=3.7.0"
summary = "Render rich text, tables, progress bars, syntax highlighting, markdown and more to the terminal"
groups = ["default"]
dependencies = [
    "markdown-it-py>=2.2.0",
    "pygments<3.0.0,>=2.13.0",
    "typing-extensions<5.0,>=4.0.0; python_version < \"3.9\"",
]
files = [
    {file = "rich-13.8.0-py3-none-any.whl", hash = "sha256:2e85306a063b9492dffc86278197a60cbece75bcb766022f3436f567cae11bdc"},
    {file = "rich-13.8.0.tar.gz", hash = "sha256:a5ac1f1cd448ade0d59cc3356f7db7a7ccda2c8cbae9c7a90c28ff463d3e91f4"},
]

[[package]]
name = "textual"
version = "0.73.0"
requires_python = "<4.0,>=3.8"
summary = "Modern Text User Interface framework"
groups = ["default"]
dependencies = [
    "markdown-it-py[linkify,plugins]>=2.1.0",
    "rich>=13.3.3",
    "typing-extensions<5.0.0,>=4.4.0",
]
files = [
    {file = "textual-0.73.0-py3-none-any.whl", hash = "sha256:4d93d80d203f7fb7ba51828a546e8777019700d529a1b405ceee313dea2edfc2"},
    {file = "textual-0.73.0.tar.gz", hash = "sha256:ccd1e873370577f557dfdf2b3411f2a4f68b57d4365f9d83a00d084afb15f5a6"},
]

[[package]]
name = "tomli"
version = "2.0.1"
requires_python = ">=3.7"
summary = "A lil' TOML parser"
groups = ["test"]
marker = "python_version < \"3.11\""
files = [
    {file = "tomli-2.0.1-py3-none-any.whl", hash = "sha256:939de3e7a6161af0c887ef91b7d41a53e7c5a1ca976325f429cb46ea9bc30ecc"},
    {file = "tomli-2.0.1.tar.gz", hash = "sha256:de526c12914f0c550d15924c62d72abc48d6fe7364aa87328337a31007fe8a4f"},
]

[[package]]
name = "typing-extensions"
version = "4.12.2"
requires_python = ">=3.8"
summary = "Backported and Experimental Type Hints for Python 3.8+"
groups = ["default"]
files = [
    {file = "typing_extensions-4.12.2-py3-none-any.whl", hash = "sha256:04e5ca0351e0f3f85c6853954072df659d0d13fac324d0072316b67d7794700d"},
    {file = "typing_extensions-4.12.2.tar.gz", hash = "sha256:1a7ead55c7e559dd4dee8856e3a88b41225abfe1ce8df57b7c13915fe121ffb8"},
]

[[package]]
name = "uc-micro-py"
version = "1.0.3"
requires_python = ">=3.7"
summary = "Micro subset of unicode data files for linkify-it-py projects."
groups = ["default"]
files = [
    {file = "uc-micro-py-1.0.3.tar.gz", hash = "sha256:d321b92cff673ec58027c04015fcaa8bb1e005478643ff4a500882eaab88c48a"},
    {file = "uc_micro_py-1.0.3-py3-none-any.whl", hash = "sha256:db1dffff340817673d7b466ec86114a9dc0e9d4d9b5ba229d9d60e5c12600cd5"},
]
